
Microsoft Visual Studio Solution File, Format Version 12.00
# Visual Studio 15
VisualStudioVersion = 15.0.28010.2019
MinimumVisualStudioVersion = 10.0.40219.1
Project("{9A19103F-16F7-4668-BE54-9A1E7A4F7556}") = "BlazorGetStarted", "BlazorGetStarted\BlazorGetStarted.csproj", "{F3C2A228-1538-4776-B861-C7937724EDB6}"
	ProjectSection(ProjectDependencies) = postProject
		{03D40E5B-85FA-4052-A24A-029E71C3100C} = {03D40E5B-85FA-4052-A24A-029E71C3100C}
	EndProjectSection
EndProject
Project("{FAE04EC0-301F-11D3-BF4B-00C04F79EFBC}") = "NetFxControllers", "NetFxControllers\NetFxControllers.csproj", "{03D40E5B-85FA-4052-A24A-029E71C3100C}"
	ProjectSection(ProjectDependencies) = postProject
		{ECC1A30C-92AE-4CB0-B656-9B45287E8B9A} = {ECC1A30C-92AE-4CB0-B656-9B45287E8B9A}
	EndProjectSection
EndProject
Project("{FAE04EC0-301F-11D3-BF4B-00C04F79EFBC}") = "NetFxWcfService", "NetFxWcfService\NetFxWcfService.csproj", "{ECC1A30C-92AE-4CB0-B656-9B45287E8B9A}"
EndProject
Project("{FAE04EC0-301F-11D3-BF4B-00C04F79EFBC}") = "NetFxCommonLib", "NetFxCommonLib\NetFxCommonLib.csproj", "{C2E3B501-EB10-4BDA-A7B0-15AC0A50585C}"
EndProject
Project("{FAE04EC0-301F-11D3-BF4B-00C04F79EFBC}") = "NetFxTestConsole", "NetFxTestConsole\NetFxTestConsole.csproj", "{AD482385-5E2A-4877-9822-84D57C035257}"
	ProjectSection(ProjectDependencies) = postProject
		{ECC1A30C-92AE-4CB0-B656-9B45287E8B9A} = {ECC1A30C-92AE-4CB0-B656-9B45287E8B9A}
	EndProjectSection
EndProject
Global
	GlobalSection(SolutionConfigurationPlatforms) = preSolution
		Debug|Any CPU = Debug|Any CPU
		Release|Any CPU = Release|Any CPU
	EndGlobalSection
	GlobalSection(ProjectConfigurationPlatforms) = postSolution
		{F3C2A228-1538-4776-B861-C7937724EDB6}.Debug|Any CPU.ActiveCfg = Debug|Any CPU
		{F3C2A228-1538-4776-B861-C7937724EDB6}.Debug|Any CPU.Build.0 = Debug|Any CPU
		{F3C2A228-1538-4776-B861-C7937724EDB6}.Release|Any CPU.ActiveCfg = Release|Any CPU
		{F3C2A228-1538-4776-B861-C7937724EDB6}.Release|Any CPU.Build.0 = Release|Any CPU
		{03D40E5B-85FA-4052-A24A-029E71C3100C}.Debug|Any CPU.ActiveCfg = Debug|Any CPU
		{03D40E5B-85FA-4052-A24A-029E71C3100C}.Debug|Any CPU.Build.0 = Debug|Any CPU
		{03D40E5B-85FA-4052-A24A-029E71C3100C}.Release|Any CPU.ActiveCfg = Release|Any CPU
		{03D40E5B-85FA-4052-A24A-029E71C3100C}.Release|Any CPU.Build.0 = Release|Any CPU
		{ECC1A30C-92AE-4CB0-B656-9B45287E8B9A}.Debug|Any CPU.ActiveCfg = Debug|Any CPU
		{ECC1A30C-92AE-4CB0-B656-9B45287E8B9A}.Debug|Any CPU.Build.0 = Debug|Any CPU
		{ECC1A30C-92AE-4CB0-B656-9B45287E8B9A}.Release|Any CPU.ActiveCfg = Release|Any CPU
		{ECC1A30C-92AE-4CB0-B656-9B45287E8B9A}.Release|Any CPU.Build.0 = Release|Any CPU
		{C2E3B501-EB10-4BDA-A7B0-15AC0A50585C}.Debug|Any CPU.ActiveCfg = Debug|Any CPU
		{C2E3B501-EB10-4BDA-A7B0-15AC0A50585C}.Debug|Any CPU.Build.0 = Debug|Any CPU
		{C2E3B501-EB10-4BDA-A7B0-15AC0A50585C}.Release|Any CPU.ActiveCfg = Release|Any CPU
		{C2E3B501-EB10-4BDA-A7B0-15AC0A50585C}.Release|Any CPU.Build.0 = Release|Any CPU
		{AD482385-5E2A-4877-9822-84D57C035257}.Debug|Any CPU.ActiveCfg = Debug|Any CPU
		{AD482385-5E2A-4877-9822-84D57C035257}.Debug|Any CPU.Build.0 = Debug|Any CPU
		{AD482385-5E2A-4877-9822-84D57C035257}.Release|Any CPU.ActiveCfg = Release|Any CPU
		{AD482385-5E2A-4877-9822-84D57C035257}.Release|Any CPU.Build.0 = Release|Any CPU
	EndGlobalSection
	GlobalSection(SolutionProperties) = preSolution
		HideSolutionNode = FALSE
	EndGlobalSection
	GlobalSection(ExtensibilityGlobals) = postSolution
		SolutionGuid = {7C1D44C8-786F-4DE2-8F32-B8A132552F9D}
	EndGlobalSection
EndGlobal
